
Microsoft Visual Studio Solution File, Format Version 12.00
# Visual Studio 15
VisualStudioVersion = 15.0.27130.2027
MinimumVisualStudioVersion = 10.0.40219.1
Project("{2150E333-8FDC-42A3-9474-1A3956D46DE8}") = "Solution Files", "Solution Files", "{07360C88-2A18-4925-87F8-057B14FDA3DF}"
	ProjectSection(SolutionItems) = preProject
		LICENSE = LICENSE
		README.md = README.md
		Solution.ruleset = Solution.ruleset
	EndProjectSection
EndProject
Project("{FAE04EC0-301F-11D3-BF4B-00C04F79EFBC}") = "Business", "Business\Business.csproj", "{3041F601-988A-4177-A91E-B174E3F63AAB}"
EndProject
Project("{FAE04EC0-301F-11D3-BF4B-00C04F79EFBC}") = "Model", "Model\Model.csproj", "{F02E99EA-0A57-49D6-99B0-5EA2F6ADA8E0}"
EndProject
Project("{FAE04EC0-301F-11D3-BF4B-00C04F79EFBC}") = "Service.Test", "Service.Test\Service.Test.csproj", "{C9DA6217-81CB-44A4-AA75-D73E966945A2}"
EndProject
Project("{FAE04EC0-301F-11D3-BF4B-00C04F79EFBC}") = "Data", "Data\Data.csproj", "{3ACCD174-4FB9-40EF-8620-408A139C5A40}"
EndProject
Project("{FAE04EC0-301F-11D3-BF4B-00C04F79EFBC}") = "WebApplication", "WebApplication\WebApplication.csproj", "{2DB01090-795B-406B-A08C-1835CE9308DA}"
EndProject
Project("{FAE04EC0-301F-11D3-BF4B-00C04F79EFBC}") = "Service", "Service\Service.csproj", "{AB648285-6EFB-447C-969C-DF496179BC33}"
EndProject
Project("{FAE04EC0-301F-11D3-BF4B-00C04F79EFBC}") = "Common", "Common\Common.csproj", "{98666C03-FC1F-405E-90FF-390698D54BAC}"
EndProject
Global
	GlobalSection(SolutionConfigurationPlatforms) = preSolution
		Debug|Any CPU = Debug|Any CPU
		Release|Any CPU = Release|Any CPU
	EndGlobalSection
	GlobalSection(ProjectConfigurationPlatforms) = postSolution
		{3041F601-988A-4177-A91E-B174E3F63AAB}.Debug|Any CPU.ActiveCfg = Debug|Any CPU
		{3041F601-988A-4177-A91E-B174E3F63AAB}.Debug|Any CPU.Build.0 = Debug|Any CPU
		{3041F601-988A-4177-A91E-B174E3F63AAB}.Release|Any CPU.ActiveCfg = Release|Any CPU
		{3041F601-988A-4177-A91E-B174E3F63AAB}.Release|Any CPU.Build.0 = Release|Any CPU
		{F02E99EA-0A57-49D6-99B0-5EA2F6ADA8E0}.Debug|Any CPU.ActiveCfg = Debug|Any CPU
		{F02E99EA-0A57-49D6-99B0-5EA2F6ADA8E0}.Debug|Any CPU.Build.0 = Debug|Any CPU
		{F02E99EA-0A57-49D6-99B0-5EA2F6ADA8E0}.Release|Any CPU.ActiveCfg = Release|Any CPU
		{F02E99EA-0A57-49D6-99B0-5EA2F6ADA8E0}.Release|Any CPU.Build.0 = Release|Any CPU
		{C9DA6217-81CB-44A4-AA75-D73E966945A2}.Debug|Any CPU.ActiveCfg = Debug|Any CPU
		{C9DA6217-81CB-44A4-AA75-D73E966945A2}.Debug|Any CPU.Build.0 = Debug|Any CPU
		{C9DA6217-81CB-44A4-AA75-D73E966945A2}.Release|Any CPU.ActiveCfg = Release|Any CPU
		{C9DA6217-81CB-44A4-AA75-D73E966945A2}.Release|Any CPU.Build.0 = Release|Any CPU
		{3ACCD174-4FB9-40EF-8620-408A139C5A40}.Debug|Any CPU.ActiveCfg = Debug|Any CPU
		{3ACCD174-4FB9-40EF-8620-408A139C5A40}.Debug|Any CPU.Build.0 = Debug|Any CPU
		{3ACCD174-4FB9-40EF-8620-408A139C5A40}.Release|Any CPU.ActiveCfg = Release|Any CPU
		{3ACCD174-4FB9-40EF-8620-408A139C5A40}.Release|Any CPU.Build.0 = Release|Any CPU
		{2DB01090-795B-406B-A08C-1835CE9308DA}.Debug|Any CPU.ActiveCfg = Debug|Any CPU
		{2DB01090-795B-406B-A08C-1835CE9308DA}.Debug|Any CPU.Build.0 = Debug|Any CPU
		{2DB01090-795B-406B-A08C-1835CE9308DA}.Release|Any CPU.ActiveCfg = Release|Any CPU
		{2DB01090-795B-406B-A08C-1835CE9308DA}.Release|Any CPU.Build.0 = Release|Any CPU
		{AB648285-6EFB-447C-969C-DF496179BC33}.Debug|Any CPU.ActiveCfg = Debug|Any CPU
		{AB648285-6EFB-447C-969C-DF496179BC33}.Debug|Any CPU.Build.0 = Debug|Any CPU
		{AB648285-6EFB-447C-969C-DF496179BC33}.Release|Any CPU.ActiveCfg = Release|Any CPU
		{AB648285-6EFB-447C-969C-DF496179BC33}.Release|Any CPU.Build.0 = Release|Any CPU
		{98666C03-FC1F-405E-90FF-390698D54BAC}.Debug|Any CPU.ActiveCfg = Debug|Any CPU
		{98666C03-FC1F-405E-90FF-390698D54BAC}.Debug|Any CPU.Build.0 = Debug|Any CPU
		{98666C03-FC1F-405E-90FF-390698D54BAC}.Release|Any CPU.ActiveCfg = Release|Any CPU
		{98666C03-FC1F-405E-90FF-390698D54BAC}.Release|Any CPU.Build.0 = Release|Any CPU
	EndGlobalSection
	GlobalSection(SolutionProperties) = preSolution
		HideSolutionNode = FALSE
	EndGlobalSection
	GlobalSection(ExtensibilityGlobals) = postSolution
		SolutionGuid = {371FF85B-F7F4-437E-9B80-93F9761E018F}
	EndGlobalSection
EndGlobal
